
Microsoft Visual Studio Solution File, Format Version 12.00
# Visual Studio Version 17
VisualStudioVersion = 17.10.35013.160
MinimumVisualStudioVersion = 10.0.40219.1
Project("{9A19103F-16F7-4668-BE54-9A1E7A4F7556}") = "MagicEf", "MagicEf\MagicEf.csproj", "{2CB68F1A-4EDC-4E98-A1D7-647856C3D313}"
EndProject
Project("{9A19103F-16F7-4668-BE54-9A1E7A4F7556}") = "MagicEf.Scaffold", "MagicEf.Scaffold\MagicEf.Scaffold.csproj", "{C56045CF-FC5A-4A18-83A0-36CC609AA41E}"
EndProject
Project("{9A19103F-16F7-4668-BE54-9A1E7A4F7556}") = "Flattening.Protocol.Tests", "Flattening.Protocol.Tests\Flattening.Protocol.Tests.csproj", "{276B6C7F-4EA8-400B-94E5-330226C3F99D}"
EndProject
Project("{FAE04EC0-301F-11D3-BF4B-00C04F79EFBC}") = "Magic.Truth.Toolkit", "Magic.Truth.Toolkit\Magic.Truth.Toolkit.csproj", "{FF33F9F9-FBAF-4206-A84A-5B9FC2062BB5}"
EndProject
Project("{FAE04EC0-301F-11D3-BF4B-00C04F79EFBC}") = "Magic.Truth.Toolkit.Extensions", "Magic.Truth.Toolkit.Extensions\Magic.Truth.Toolkit.Extensions.csproj", "{25F39497-D862-4185-8329-CE21348CAFEE}"
EndProject
Project("{FAE04EC0-301F-11D3-BF4B-00C04F79EFBC}") = "Magic.Cli.Toolkit", "Magic.Cli.Toolkit\Magic.Cli.Toolkit.csproj", "{9007B3A1-AE61-41F5-8E02-65A6FF1ECC3A}"
EndProject
Project("{FAE04EC0-301F-11D3-BF4B-00C04F79EFBC}") = "Magic.GeneralSystem.Toolkit", "Magic.System.Toolkit\Magic.GeneralSystem.Toolkit.csproj", "{F4A76F3F-C6A7-493E-8972-92BDE4CBCC73}"
EndProject
Global
	GlobalSection(SolutionConfigurationPlatforms) = preSolution
		Debug|Any CPU = Debug|Any CPU
		Release|Any CPU = Release|Any CPU
	EndGlobalSection
	GlobalSection(ProjectConfigurationPlatforms) = postSolution
		{2CB68F1A-4EDC-4E98-A1D7-647856C3D313}.Debug|Any CPU.ActiveCfg = Debug|Any CPU
		{2CB68F1A-4EDC-4E98-A1D7-647856C3D313}.Debug|Any CPU.Build.0 = Debug|Any CPU
		{2CB68F1A-4EDC-4E98-A1D7-647856C3D313}.Release|Any CPU.ActiveCfg = Release|Any CPU
		{2CB68F1A-4EDC-4E98-A1D7-647856C3D313}.Release|Any CPU.Build.0 = Release|Any CPU
		{C56045CF-FC5A-4A18-83A0-36CC609AA41E}.Debug|Any CPU.ActiveCfg = Debug|Any CPU
		{C56045CF-FC5A-4A18-83A0-36CC609AA41E}.Debug|Any CPU.Build.0 = Debug|Any CPU
		{C56045CF-FC5A-4A18-83A0-36CC609AA41E}.Release|Any CPU.ActiveCfg = Release|Any CPU
		{C56045CF-FC5A-4A18-83A0-36CC609AA41E}.Release|Any CPU.Build.0 = Release|Any CPU
		{276B6C7F-4EA8-400B-94E5-330226C3F99D}.Debug|Any CPU.ActiveCfg = Debug|Any CPU
		{276B6C7F-4EA8-400B-94E5-330226C3F99D}.Debug|Any CPU.Build.0 = Debug|Any CPU
		{276B6C7F-4EA8-400B-94E5-330226C3F99D}.Release|Any CPU.ActiveCfg = Release|Any CPU
		{276B6C7F-4EA8-400B-94E5-330226C3F99D}.Release|Any CPU.Build.0 = Release|Any CPU
		{FF33F9F9-FBAF-4206-A84A-5B9FC2062BB5}.Debug|Any CPU.ActiveCfg = Debug|Any CPU
		{FF33F9F9-FBAF-4206-A84A-5B9FC2062BB5}.Debug|Any CPU.Build.0 = Debug|Any CPU
		{FF33F9F9-FBAF-4206-A84A-5B9FC2062BB5}.Release|Any CPU.ActiveCfg = Release|Any CPU
		{FF33F9F9-FBAF-4206-A84A-5B9FC2062BB5}.Release|Any CPU.Build.0 = Release|Any CPU
		{25F39497-D862-4185-8329-CE21348CAFEE}.Debug|Any CPU.ActiveCfg = Debug|Any CPU
		{25F39497-D862-4185-8329-CE21348CAFEE}.Debug|Any CPU.Build.0 = Debug|Any CPU
		{25F39497-D862-4185-8329-CE21348CAFEE}.Release|Any CPU.ActiveCfg = Release|Any CPU
		{25F39497-D862-4185-8329-CE21348CAFEE}.Release|Any CPU.Build.0 = Release|Any CPU
		{9007B3A1-AE61-41F5-8E02-65A6FF1ECC3A}.Debug|Any CPU.ActiveCfg = Debug|Any CPU
		{9007B3A1-AE61-41F5-8E02-65A6FF1ECC3A}.Debug|Any CPU.Build.0 = Debug|Any CPU
		{9007B3A1-AE61-41F5-8E02-65A6FF1ECC3A}.Release|Any CPU.ActiveCfg = Release|Any CPU
		{9007B3A1-AE61-41F5-8E02-65A6FF1ECC3A}.Release|Any CPU.Build.0 = Release|Any CPU
		{F4A76F3F-C6A7-493E-8972-92BDE4CBCC73}.Debug|Any CPU.ActiveCfg = Debug|Any CPU
		{F4A76F3F-C6A7-493E-8972-92BDE4CBCC73}.Debug|Any CPU.Build.0 = Debug|Any CPU
		{F4A76F3F-C6A7-493E-8972-92BDE4CBCC73}.Release|Any CPU.ActiveCfg = Release|Any CPU
		{F4A76F3F-C6A7-493E-8972-92BDE4CBCC73}.Release|Any CPU.Build.0 = Release|Any CPU
	EndGlobalSection
	GlobalSection(SolutionProperties) = preSolution
		HideSolutionNode = FALSE
	EndGlobalSection
	GlobalSection(ExtensibilityGlobals) = postSolution
		SolutionGuid = {D0CD54A3-5F77-44F8-80A6-09096767A520}
	EndGlobalSection
EndGlobal
