
Microsoft Visual Studio Solution File, Format Version 12.00
# Visual Studio Version 17
VisualStudioVersion = 17.10.35013.160
MinimumVisualStudioVersion = 10.0.40219.1
Project("{9A19103F-16F7-4668-BE54-9A1E7A4F7556}") = "MagicEf", "MagicEf\MagicEf.csproj", "{2CB68F1A-4EDC-4E98-A1D7-647856C3D313}"
EndProject
Project("{9A19103F-16F7-4668-BE54-9A1E7A4F7556}") = "MagicEf.Scaffold", "MagicEf.Scaffold\MagicEf.Scaffold.csproj", "{C56045CF-FC5A-4A18-83A0-36CC609AA41E}"
EndProject
Project("{9A19103F-16F7-4668-BE54-9A1E7A4F7556}") = "Truth.Protocol.Tests", "Flattening.Protocol.Tests\Truth.Protocol.Tests.csproj", "{276B6C7F-4EA8-400B-94E5-330226C3F99D}"
EndProject
Project("{FAE04EC0-301F-11D3-BF4B-00C04F79EFBC}") = "Magic.Truth.Toolkit", "Magic.Truth.Toolkit\Magic.Truth.Toolkit.csproj", "{FF33F9F9-FBAF-4206-A84A-5B9FC2062BB5}"
EndProject
Project("{FAE04EC0-301F-11D3-BF4B-00C04F79EFBC}") = "Magic.Truth.Toolkit.Extensions", "Magic.Truth.Toolkit.Extensions\Magic.Truth.Toolkit.Extensions.csproj", "{25F39497-D862-4185-8329-CE21348CAFEE}"
EndProject
Project("{9A19103F-16F7-4668-BE54-9A1E7A4F7556}") = "Magic.Cli.Toolkit", "..\..\Magic.Toolkits\Magic.Cli.Toolkit\Magic.Cli.Toolkit.csproj", "{DD6247F8-EDB5-492B-8D09-684E33F96A58}"
EndProject
Project("{9A19103F-16F7-4668-BE54-9A1E7A4F7556}") = "Magic.GeneralSystem.Toolkit", "..\..\Magic.Toolkits\Magic.GeneralSystem.Toolkit\Magic.GeneralSystem.Toolkit.csproj", "{797E1892-96FD-42C5-A74F-4F6BA40A93FD}"
EndProject
Project("{FAE04EC0-301F-11D3-BF4B-00C04F79EFBC}") = "Magic.CodeGen.Toolkit", "Magic.CodeGen.Toolkit\Magic.CodeGen.Toolkit.csproj", "{0A27124F-A5EA-4D69-B059-9426FA6535C7}"
EndProject
Project("{FAE04EC0-301F-11D3-BF4B-00C04F79EFBC}") = "Magic.IndexedDb", "..\..\Magic.IndexedDb\Magic.IndexedDb\Magic.IndexedDb.csproj", "{AF838CA0-E4BE-5E81-99D5-515B70F37734}"
EndProject
Global
	GlobalSection(SolutionConfigurationPlatforms) = preSolution
		Debug|Any CPU = Debug|Any CPU
		Release|Any CPU = Release|Any CPU
	EndGlobalSection
	GlobalSection(ProjectConfigurationPlatforms) = postSolution
		{2CB68F1A-4EDC-4E98-A1D7-647856C3D313}.Debug|Any CPU.ActiveCfg = Debug|Any CPU
		{2CB68F1A-4EDC-4E98-A1D7-647856C3D313}.Debug|Any CPU.Build.0 = Debug|Any CPU
		{2CB68F1A-4EDC-4E98-A1D7-647856C3D313}.Release|Any CPU.ActiveCfg = Release|Any CPU
		{2CB68F1A-4EDC-4E98-A1D7-647856C3D313}.Release|Any CPU.Build.0 = Release|Any CPU
		{C56045CF-FC5A-4A18-83A0-36CC609AA41E}.Debug|Any CPU.ActiveCfg = Debug|Any CPU
		{C56045CF-FC5A-4A18-83A0-36CC609AA41E}.Debug|Any CPU.Build.0 = Debug|Any CPU
		{C56045CF-FC5A-4A18-83A0-36CC609AA41E}.Release|Any CPU.ActiveCfg = Release|Any CPU
		{C56045CF-FC5A-4A18-83A0-36CC609AA41E}.Release|Any CPU.Build.0 = Release|Any CPU
		{276B6C7F-4EA8-400B-94E5-330226C3F99D}.Debug|Any CPU.ActiveCfg = Debug|Any CPU
		{276B6C7F-4EA8-400B-94E5-330226C3F99D}.Debug|Any CPU.Build.0 = Debug|Any CPU
		{276B6C7F-4EA8-400B-94E5-330226C3F99D}.Release|Any CPU.ActiveCfg = Release|Any CPU
		{276B6C7F-4EA8-400B-94E5-330226C3F99D}.Release|Any CPU.Build.0 = Release|Any CPU
		{FF33F9F9-FBAF-4206-A84A-5B9FC2062BB5}.Debug|Any CPU.ActiveCfg = Debug|Any CPU
		{FF33F9F9-FBAF-4206-A84A-5B9FC2062BB5}.Debug|Any CPU.Build.0 = Debug|Any CPU
		{FF33F9F9-FBAF-4206-A84A-5B9FC2062BB5}.Release|Any CPU.ActiveCfg = Release|Any CPU
		{FF33F9F9-FBAF-4206-A84A-5B9FC2062BB5}.Release|Any CPU.Build.0 = Release|Any CPU
		{25F39497-D862-4185-8329-CE21348CAFEE}.Debug|Any CPU.ActiveCfg = Debug|Any CPU
		{25F39497-D862-4185-8329-CE21348CAFEE}.Debug|Any CPU.Build.0 = Debug|Any CPU
		{25F39497-D862-4185-8329-CE21348CAFEE}.Release|Any CPU.ActiveCfg = Release|Any CPU
		{25F39497-D862-4185-8329-CE21348CAFEE}.Release|Any CPU.Build.0 = Release|Any CPU
		{DD6247F8-EDB5-492B-8D09-684E33F96A58}.Debug|Any CPU.ActiveCfg = Debug|Any CPU
		{DD6247F8-EDB5-492B-8D09-684E33F96A58}.Debug|Any CPU.Build.0 = Debug|Any CPU
		{DD6247F8-EDB5-492B-8D09-684E33F96A58}.Release|Any CPU.ActiveCfg = Release|Any CPU
		{DD6247F8-EDB5-492B-8D09-684E33F96A58}.Release|Any CPU.Build.0 = Release|Any CPU
		{797E1892-96FD-42C5-A74F-4F6BA40A93FD}.Debug|Any CPU.ActiveCfg = Debug|Any CPU
		{797E1892-96FD-42C5-A74F-4F6BA40A93FD}.Debug|Any CPU.Build.0 = Debug|Any CPU
		{797E1892-96FD-42C5-A74F-4F6BA40A93FD}.Release|Any CPU.ActiveCfg = Release|Any CPU
		{797E1892-96FD-42C5-A74F-4F6BA40A93FD}.Release|Any CPU.Build.0 = Release|Any CPU
		{0A27124F-A5EA-4D69-B059-9426FA6535C7}.Debug|Any CPU.ActiveCfg = Debug|Any CPU
		{0A27124F-A5EA-4D69-B059-9426FA6535C7}.Debug|Any CPU.Build.0 = Debug|Any CPU
		{0A27124F-A5EA-4D69-B059-9426FA6535C7}.Release|Any CPU.ActiveCfg = Release|Any CPU
		{0A27124F-A5EA-4D69-B059-9426FA6535C7}.Release|Any CPU.Build.0 = Release|Any CPU
		{AF838CA0-E4BE-5E81-99D5-515B70F37734}.Debug|Any CPU.ActiveCfg = Debug|Any CPU
		{AF838CA0-E4BE-5E81-99D5-515B70F37734}.Debug|Any CPU.Build.0 = Debug|Any CPU
		{AF838CA0-E4BE-5E81-99D5-515B70F37734}.Release|Any CPU.ActiveCfg = Release|Any CPU
		{AF838CA0-E4BE-5E81-99D5-515B70F37734}.Release|Any CPU.Build.0 = Release|Any CPU
	EndGlobalSection
	GlobalSection(SolutionProperties) = preSolution
		HideSolutionNode = FALSE
	EndGlobalSection
	GlobalSection(ExtensibilityGlobals) = postSolution
		SolutionGuid = {D0CD54A3-5F77-44F8-80A6-09096767A520}
	EndGlobalSection
EndGlobal
